
Microsoft Visual Studio Solution File, Format Version 12.00
# Visual Studio Version 16
VisualStudioVersion = 16.0.30320.27
MinimumVisualStudioVersion = 10.0.40219.1
Project("{FAE04EC0-301F-11D3-BF4B-00C04F79EFBC}") = "Shop.Api", "Shop.Api\Shop.Api.csproj", "{A2395AC9-8AF1-4639-BE75-473B64A62B72}"
EndProject
Project("{FAE04EC0-301F-11D3-BF4B-00C04F79EFBC}") = "Shop.Domain", "Shop.Domain\Shop.Domain.csproj", "{67D7729E-A7EA-42E8-89AF-B97D73FBAA4E}"
EndProject
Project("{FAE04EC0-301F-11D3-BF4B-00C04F79EFBC}") = "Shop.Infra", "Shop.Infra\Shop.Infra.csproj", "{54B4C5D5-017E-45D7-B7F7-2D184E7CDDAE}"
EndProject
Project("{FAE04EC0-301F-11D3-BF4B-00C04F79EFBC}") = "Shop.Shared", "Shop.Shared\Shop.Shared.csproj", "{60906755-0A8A-4CE2-B4B1-77EAB022A12F}"
EndProject
Project("{FAE04EC0-301F-11D3-BF4B-00C04F79EFBC}") = "Shop.Tests", "Shop.Tests\Shop.Tests.csproj", "{D6124C68-D8FA-4119-B7DB-25EF76AF0B19}"
EndProject
Global
	GlobalSection(SolutionConfigurationPlatforms) = preSolution
		Debug|Any CPU = Debug|Any CPU
		Release|Any CPU = Release|Any CPU
	EndGlobalSection
	GlobalSection(ProjectConfigurationPlatforms) = postSolution
		{A2395AC9-8AF1-4639-BE75-473B64A62B72}.Debug|Any CPU.ActiveCfg = Debug|Any CPU
		{A2395AC9-8AF1-4639-BE75-473B64A62B72}.Debug|Any CPU.Build.0 = Debug|Any CPU
		{A2395AC9-8AF1-4639-BE75-473B64A62B72}.Release|Any CPU.ActiveCfg = Release|Any CPU
		{A2395AC9-8AF1-4639-BE75-473B64A62B72}.Release|Any CPU.Build.0 = Release|Any CPU
		{67D7729E-A7EA-42E8-89AF-B97D73FBAA4E}.Debug|Any CPU.ActiveCfg = Debug|Any CPU
		{67D7729E-A7EA-42E8-89AF-B97D73FBAA4E}.Debug|Any CPU.Build.0 = Debug|Any CPU
		{67D7729E-A7EA-42E8-89AF-B97D73FBAA4E}.Release|Any CPU.ActiveCfg = Release|Any CPU
		{67D7729E-A7EA-42E8-89AF-B97D73FBAA4E}.Release|Any CPU.Build.0 = Release|Any CPU
		{54B4C5D5-017E-45D7-B7F7-2D184E7CDDAE}.Debug|Any CPU.ActiveCfg = Debug|Any CPU
		{54B4C5D5-017E-45D7-B7F7-2D184E7CDDAE}.Debug|Any CPU.Build.0 = Debug|Any CPU
		{54B4C5D5-017E-45D7-B7F7-2D184E7CDDAE}.Release|Any CPU.ActiveCfg = Release|Any CPU
		{54B4C5D5-017E-45D7-B7F7-2D184E7CDDAE}.Release|Any CPU.Build.0 = Release|Any CPU
		{60906755-0A8A-4CE2-B4B1-77EAB022A12F}.Debug|Any CPU.ActiveCfg = Debug|Any CPU
		{60906755-0A8A-4CE2-B4B1-77EAB022A12F}.Debug|Any CPU.Build.0 = Debug|Any CPU
		{60906755-0A8A-4CE2-B4B1-77EAB022A12F}.Release|Any CPU.ActiveCfg = Release|Any CPU
		{60906755-0A8A-4CE2-B4B1-77EAB022A12F}.Release|Any CPU.Build.0 = Release|Any CPU
		{D6124C68-D8FA-4119-B7DB-25EF76AF0B19}.Debug|Any CPU.ActiveCfg = Debug|Any CPU
		{D6124C68-D8FA-4119-B7DB-25EF76AF0B19}.Debug|Any CPU.Build.0 = Debug|Any CPU
		{D6124C68-D8FA-4119-B7DB-25EF76AF0B19}.Release|Any CPU.ActiveCfg = Release|Any CPU
		{D6124C68-D8FA-4119-B7DB-25EF76AF0B19}.Release|Any CPU.Build.0 = Release|Any CPU
	EndGlobalSection
	GlobalSection(SolutionProperties) = preSolution
		HideSolutionNode = FALSE
	EndGlobalSection
	GlobalSection(ExtensibilityGlobals) = postSolution
		SolutionGuid = {40F8CC12-8029-43B4-A910-A2489C64E412}
	EndGlobalSection
EndGlobal
